
Microsoft Visual Studio Solution File, Format Version 12.00
# Visual Studio Version 16
VisualStudioVersion = 16.0.30309.148
MinimumVisualStudioVersion = 10.0.40219.1
Project("{FAE04EC0-301F-11D3-BF4B-00C04F79EFBC}") = "MovieProgram", "MovieProgram\MovieProgram.csproj", "{67201648-25BD-485B-A6EA-8609D6D061FA}"
EndProject
Global
	GlobalSection(SolutionConfigurationPlatforms) = preSolution
		Debug|Any CPU = Debug|Any CPU
		Release|Any CPU = Release|Any CPU
	EndGlobalSection
	GlobalSection(ProjectConfigurationPlatforms) = postSolution
		{67201648-25BD-485B-A6EA-8609D6D061FA}.Debug|Any CPU.ActiveCfg = Debug|Any CPU
		{67201648-25BD-485B-A6EA-8609D6D061FA}.Debug|Any CPU.Build.0 = Debug|Any CPU
		{67201648-25BD-485B-A6EA-8609D6D061FA}.Release|Any CPU.ActiveCfg = Release|Any CPU
		{67201648-25BD-485B-A6EA-8609D6D061FA}.Release|Any CPU.Build.0 = Release|Any CPU
	EndGlobalSection
	GlobalSection(SolutionProperties) = preSolution
		HideSolutionNode = FALSE
	EndGlobalSection
	GlobalSection(ExtensibilityGlobals) = postSolution
		SolutionGuid = {A651FD61-5E0D-4DD1-A9A8-5060CC306C3A}
	EndGlobalSection
EndGlobal
